
Microsoft Visual Studio Solution File, Format Version 12.00
# Visual Studio Version 17
VisualStudioVersion = 17.8.34004.107
MinimumVisualStudioVersion = 10.0.40219.1
Project("{9A19103F-16F7-4668-BE54-9A1E7A4F7556}") = "ConsoleAppSignInADB2C", "ConsoleAppSignInADB2C.csproj", "{7FFC3273-8FC7-42A3-AEE3-E333C8B5004E}"
EndProject
Global
	GlobalSection(SolutionConfigurationPlatforms) = preSolution
		Debug|Any CPU = Debug|Any CPU
		Release|Any CPU = Release|Any CPU
	EndGlobalSection
	GlobalSection(ProjectConfigurationPlatforms) = postSolution
		{7FFC3273-8FC7-42A3-AEE3-E333C8B5004E}.Debug|Any CPU.ActiveCfg = Debug|Any CPU
		{7FFC3273-8FC7-42A3-AEE3-E333C8B5004E}.Debug|Any CPU.Build.0 = Debug|Any CPU
		{7FFC3273-8FC7-42A3-AEE3-E333C8B5004E}.Release|Any CPU.ActiveCfg = Release|Any CPU
		{7FFC3273-8FC7-42A3-AEE3-E333C8B5004E}.Release|Any CPU.Build.0 = Release|Any CPU
	EndGlobalSection
	GlobalSection(SolutionProperties) = preSolution
		HideSolutionNode = FALSE
	EndGlobalSection
	GlobalSection(ExtensibilityGlobals) = postSolution
		SolutionGuid = {ED91DADA-1053-431E-B04F-83C270C51C5D}
	EndGlobalSection
EndGlobal
